
Microsoft Visual Studio Solution File, Format Version 12.00
# Visual Studio Version 17
VisualStudioVersion = 17.12.35527.113
MinimumVisualStudioVersion = 10.0.40219.1
Project("{2150E333-8FDC-42A3-9474-1A3956D46DE8}") = "AdonetCustomerProject", "AdonetCustomerProject", "{D6747FD8-54F8-4F2B-96FC-E839D6AE411E}"
EndProject
Project("{FAE04EC0-301F-11D3-BF4B-00C04F79EFBC}") = "AdonetCustomerProject", "AdonetCustomerProject\AdonetCustomerProject\AdonetCustomerProject.csproj", "{6797E61F-11A7-4B3B-A3EA-5048C09D41B1}"
EndProject
Project("{2150E333-8FDC-42A3-9474-1A3956D46DE8}") = "EfDbFirstCustomerProject", "EfDbFirstCustomerProject", "{9575B692-60A0-4AC3-B6A5-76BF06AF2B26}"
EndProject
Project("{FAE04EC0-301F-11D3-BF4B-00C04F79EFBC}") = "EntityFrameworkDbFirstProject", "EntityFrameworkDbFirstProject\EntityFrameworkDbFirstProject.csproj", "{17BC915F-3061-42A8-AAC9-B1AD92E7A96C}"
EndProject
Project("{2150E333-8FDC-42A3-9474-1A3956D46DE8}") = "EfStatisticsProject", "EfStatisticsProject", "{912B6A56-4F76-44B0-B06C-5DB4F0739743}"
EndProject
Project("{FAE04EC0-301F-11D3-BF4B-00C04F79EFBC}") = "EfStatisticsProject", "EfStatisticsProject\EfStatisticsProject\EfStatisticsProject.csproj", "{7B79AB05-0855-47E6-8D61-F3D21093BBA8}"
EndProject
Project("{2150E333-8FDC-42A3-9474-1A3956D46DE8}") = "EfCodeFirstMovieProject", "EfCodeFirstMovieProject", "{A1A6710F-CEF9-405B-A99C-9D8F01D04750}"
EndProject
Project("{FAE04EC0-301F-11D3-BF4B-00C04F79EFBC}") = "MovieProject", "EfCodeFirstMovieProject\MovieProject\MovieProject.csproj", "{A7043CF2-2A27-4D53-B3F1-94DC401006B9}"
EndProject
Project("{2150E333-8FDC-42A3-9474-1A3956D46DE8}") = "DapperNorthwindProject", "DapperNorthwindProject", "{B9726CC8-EBD2-4B7A-80E9-C2B967177A19}"
EndProject
Project("{FAE04EC0-301F-11D3-BF4B-00C04F79EFBC}") = "DapperProject", "DapperNorthwindProject\DapperProject\DapperProject.csproj", "{85D6929E-947E-4E6B-BC36-DA151E8259D7}"
EndProject
Project("{2150E333-8FDC-42A3-9474-1A3956D46DE8}") = "ApiWeatherProject", "ApiWeatherProject", "{38F9FF50-F06B-4696-8464-0093C040F0E4}"
EndProject
Project("{FAE04EC0-301F-11D3-BF4B-00C04F79EFBC}") = "ApiProject", "ApiWeatherProject\ApiProject\ApiProject.csproj", "{0FE71C58-CFFD-48FB-8611-252D15E98C0E}"
EndProject
Project("{2150E333-8FDC-42A3-9474-1A3956D46DE8}") = "ApiWeatherConsume", "ApiWeatherConsume", "{89A38B0F-0B98-477C-B087-7E9C3C89730A}"
EndProject
Project("{FAE04EC0-301F-11D3-BF4B-00C04F79EFBC}") = "ApiConsumeProject", "ApiWeatherConsume\ApiConsumeProject\ApiConsumeProject.csproj", "{45A04443-4BD3-4E3A-A05B-18D44EE3CA3D}"
EndProject
Project("{2150E333-8FDC-42A3-9474-1A3956D46DE8}") = "RapidApiCurrencyProject", "RapidApiCurrencyProject", "{957B67BA-728B-47B3-9EBA-ED4AC891130C}"
EndProject
Project("{FAE04EC0-301F-11D3-BF4B-00C04F79EFBC}") = "RapidApiCurrency", "RapidApiCurrencyProject\RapidApiCurrency\RapidApiCurrency.csproj", "{1D0CB090-2256-4649-866E-43528413739F}"
EndProject
Project("{2150E333-8FDC-42A3-9474-1A3956D46DE8}") = "MongoDbOrderProject", "MongoDbOrderProject", "{0B3FE680-C5C0-499C-B4FD-4B22B5B5BAFE}"
EndProject
Project("{FAE04EC0-301F-11D3-BF4B-00C04F79EFBC}") = "MongoDbOrder", "MongoDbOrderProject\MongoDbOrder\MongoDbOrder.csproj", "{DECF1731-24BC-46A6-9482-8A0CA7DD3D49}"
EndProject
Global
	GlobalSection(SolutionConfigurationPlatforms) = preSolution
		Debug|Any CPU = Debug|Any CPU
		Release|Any CPU = Release|Any CPU
	EndGlobalSection
	GlobalSection(ProjectConfigurationPlatforms) = postSolution
		{6797E61F-11A7-4B3B-A3EA-5048C09D41B1}.Debug|Any CPU.ActiveCfg = Debug|Any CPU
		{6797E61F-11A7-4B3B-A3EA-5048C09D41B1}.Debug|Any CPU.Build.0 = Debug|Any CPU
		{6797E61F-11A7-4B3B-A3EA-5048C09D41B1}.Release|Any CPU.ActiveCfg = Release|Any CPU
		{6797E61F-11A7-4B3B-A3EA-5048C09D41B1}.Release|Any CPU.Build.0 = Release|Any CPU
		{17BC915F-3061-42A8-AAC9-B1AD92E7A96C}.Debug|Any CPU.ActiveCfg = Debug|Any CPU
		{17BC915F-3061-42A8-AAC9-B1AD92E7A96C}.Debug|Any CPU.Build.0 = Debug|Any CPU
		{17BC915F-3061-42A8-AAC9-B1AD92E7A96C}.Release|Any CPU.ActiveCfg = Release|Any CPU
		{17BC915F-3061-42A8-AAC9-B1AD92E7A96C}.Release|Any CPU.Build.0 = Release|Any CPU
		{7B79AB05-0855-47E6-8D61-F3D21093BBA8}.Debug|Any CPU.ActiveCfg = Debug|Any CPU
		{7B79AB05-0855-47E6-8D61-F3D21093BBA8}.Debug|Any CPU.Build.0 = Debug|Any CPU
		{7B79AB05-0855-47E6-8D61-F3D21093BBA8}.Release|Any CPU.ActiveCfg = Release|Any CPU
		{7B79AB05-0855-47E6-8D61-F3D21093BBA8}.Release|Any CPU.Build.0 = Release|Any CPU
		{A7043CF2-2A27-4D53-B3F1-94DC401006B9}.Debug|Any CPU.ActiveCfg = Debug|Any CPU
		{A7043CF2-2A27-4D53-B3F1-94DC401006B9}.Debug|Any CPU.Build.0 = Debug|Any CPU
		{A7043CF2-2A27-4D53-B3F1-94DC401006B9}.Release|Any CPU.ActiveCfg = Release|Any CPU
		{A7043CF2-2A27-4D53-B3F1-94DC401006B9}.Release|Any CPU.Build.0 = Release|Any CPU
		{85D6929E-947E-4E6B-BC36-DA151E8259D7}.Debug|Any CPU.ActiveCfg = Debug|Any CPU
		{85D6929E-947E-4E6B-BC36-DA151E8259D7}.Debug|Any CPU.Build.0 = Debug|Any CPU
		{85D6929E-947E-4E6B-BC36-DA151E8259D7}.Release|Any CPU.ActiveCfg = Release|Any CPU
		{85D6929E-947E-4E6B-BC36-DA151E8259D7}.Release|Any CPU.Build.0 = Release|Any CPU
		{0FE71C58-CFFD-48FB-8611-252D15E98C0E}.Debug|Any CPU.ActiveCfg = Debug|Any CPU
		{0FE71C58-CFFD-48FB-8611-252D15E98C0E}.Debug|Any CPU.Build.0 = Debug|Any CPU
		{0FE71C58-CFFD-48FB-8611-252D15E98C0E}.Release|Any CPU.ActiveCfg = Release|Any CPU
		{0FE71C58-CFFD-48FB-8611-252D15E98C0E}.Release|Any CPU.Build.0 = Release|Any CPU
		{45A04443-4BD3-4E3A-A05B-18D44EE3CA3D}.Debug|Any CPU.ActiveCfg = Debug|Any CPU
		{45A04443-4BD3-4E3A-A05B-18D44EE3CA3D}.Debug|Any CPU.Build.0 = Debug|Any CPU
		{45A04443-4BD3-4E3A-A05B-18D44EE3CA3D}.Release|Any CPU.ActiveCfg = Release|Any CPU
		{45A04443-4BD3-4E3A-A05B-18D44EE3CA3D}.Release|Any CPU.Build.0 = Release|Any CPU
		{1D0CB090-2256-4649-866E-43528413739F}.Debug|Any CPU.ActiveCfg = Debug|Any CPU
		{1D0CB090-2256-4649-866E-43528413739F}.Debug|Any CPU.Build.0 = Debug|Any CPU
		{1D0CB090-2256-4649-866E-43528413739F}.Release|Any CPU.ActiveCfg = Release|Any CPU
		{1D0CB090-2256-4649-866E-43528413739F}.Release|Any CPU.Build.0 = Release|Any CPU
		{DECF1731-24BC-46A6-9482-8A0CA7DD3D49}.Debug|Any CPU.ActiveCfg = Debug|Any CPU
		{DECF1731-24BC-46A6-9482-8A0CA7DD3D49}.Debug|Any CPU.Build.0 = Debug|Any CPU
		{DECF1731-24BC-46A6-9482-8A0CA7DD3D49}.Release|Any CPU.ActiveCfg = Release|Any CPU
		{DECF1731-24BC-46A6-9482-8A0CA7DD3D49}.Release|Any CPU.Build.0 = Release|Any CPU
	EndGlobalSection
	GlobalSection(SolutionProperties) = preSolution
		HideSolutionNode = FALSE
	EndGlobalSection
	GlobalSection(NestedProjects) = preSolution
		{6797E61F-11A7-4B3B-A3EA-5048C09D41B1} = {D6747FD8-54F8-4F2B-96FC-E839D6AE411E}
		{17BC915F-3061-42A8-AAC9-B1AD92E7A96C} = {9575B692-60A0-4AC3-B6A5-76BF06AF2B26}
		{7B79AB05-0855-47E6-8D61-F3D21093BBA8} = {912B6A56-4F76-44B0-B06C-5DB4F0739743}
		{A7043CF2-2A27-4D53-B3F1-94DC401006B9} = {A1A6710F-CEF9-405B-A99C-9D8F01D04750}
		{85D6929E-947E-4E6B-BC36-DA151E8259D7} = {B9726CC8-EBD2-4B7A-80E9-C2B967177A19}
		{0FE71C58-CFFD-48FB-8611-252D15E98C0E} = {38F9FF50-F06B-4696-8464-0093C040F0E4}
		{45A04443-4BD3-4E3A-A05B-18D44EE3CA3D} = {89A38B0F-0B98-477C-B087-7E9C3C89730A}
		{1D0CB090-2256-4649-866E-43528413739F} = {957B67BA-728B-47B3-9EBA-ED4AC891130C}
		{DECF1731-24BC-46A6-9482-8A0CA7DD3D49} = {0B3FE680-C5C0-499C-B4FD-4B22B5B5BAFE}
	EndGlobalSection
EndGlobal
